// !$*UTF8*$!
{
	archiveVersion = 1;
	classes = {
	};
	objectVersion = 56;
	objects = {

/* Begin PBXBuildFile section */
		B10000010000000000000001 /* LegacyTestApp.swift in Sources */ = {isa = PBXBuildFile; fileRef = B10000020000000000000001 /* LegacyTestApp.swift */; };
		B10000030000000000000001 /* TestAppConfiguration.swift in Sources */ = {isa = PBXBuildFile; fileRef = B10000040000000000000001 /* TestAppConfiguration.swift */; };
		B10000050000000000000001 /* MAXAdCoordinator.swift in Sources */ = {isa = PBXBuildFile; fileRef = B10000060000000000000001 /* MAXAdCoordinator.swift */; };
		B10000070000000000000001 /* MAXAdViews.swift in Sources */ = {isa = PBXBuildFile; fileRef = B10000080000000000000001 /* MAXAdViews.swift */; };
		B10000090000000000000001 /* LegacyMAXTestView.swift in Sources */ = {isa = PBXBuildFile; fileRef = B100000A0000000000000001 /* LegacyMAXTestView.swift */; };
		B100000B0000000000000001 /* LegacyDirectSDKCoordinator.swift in Sources */ = {isa = PBXBuildFile; fileRef = B100000C0000000000000001 /* LegacyDirectSDKCoordinator.swift */; };
		B100000D0000000000000001 /* BidscubeAdViews.swift in Sources */ = {isa = PBXBuildFile; fileRef = B100000E0000000000000001 /* BidscubeAdViews.swift */; };
		A2DB2F732F44DA3483F01A70 /* Pods_LegacySmoke.framework in Frameworks */ = {isa = PBXBuildFile; fileRef = F6554AA9EFE7899B473DF956 /* Pods_LegacySmoke.framework */; };
		C10000010000000000000001 /* AppDelegate.swift in Sources */ = {isa = PBXBuildFile; fileRef = C20000010000000000000001 /* AppDelegate.swift */; };
		C10000020000000000000002 /* SceneDelegate.swift in Sources */ = {isa = PBXBuildFile; fileRef = C20000020000000000000002 /* SceneDelegate.swift */; };
		C10000030000000000000003 /* MainTabBarController.swift in Sources */ = {isa = PBXBuildFile; fileRef = C20000030000000000000003 /* MainTabBarController.swift */; };
		C10000040000000000000004 /* SdkAdTestViewController.swift in Sources */ = {isa = PBXBuildFile; fileRef = C20000040000000000000004 /* SdkAdTestViewController.swift */; };
		C10000050000000000000005 /* TestAdDelegate.swift in Sources */ = {isa = PBXBuildFile; fileRef = C20000050000000000000005 /* TestAdDelegate.swift */; };
		C10000060000000000000006 /* MaxTestViewController.swift in Sources */ = {isa = PBXBuildFile; fileRef = C20000060000000000000006 /* MaxTestViewController.swift */; };
		C10000070000000000000007 /* TestLog.swift in Sources */ = {isa = PBXBuildFile; fileRef = C20000070000000000000007 /* TestLog.swift */; };
		C10000080000000000000008 /* TestConfig.swift in Sources */ = {isa = PBXBuildFile; fileRef = C20000080000000000000008 /* TestConfig.swift */; };
		C10000090000000000000009 /* Assets.xcassets in Resources */ = {isa = PBXBuildFile; fileRef = C20000090000000000000009 /* Assets.xcassets */; };
		C100000A000000000000000A /* Pods_BidscubeSDKAppLovinTestApp.framework in Frameworks */ = {isa = PBXBuildFile; fileRef = C200000A000000000000000A /* Pods_BidscubeSDKAppLovinTestApp.framework */; };
/* End PBXBuildFile section */

/* Begin PBXFileReference section */
		27EAD33F481A6A6118D349E6 /* Pods-LegacySmoke.debug.xcconfig */ = {isa = PBXFileReference; includeInIndex = 1; lastKnownFileType = text.xcconfig; name = "Pods-LegacySmoke.debug.xcconfig"; path = "Target Support Files/Pods-LegacySmoke/Pods-LegacySmoke.debug.xcconfig"; sourceTree = "<group>"; };
		87AB9AD5D9ED4F6036728C4E /* Pods-LegacySmoke.release.xcconfig */ = {isa = PBXFileReference; includeInIndex = 1; lastKnownFileType = text.xcconfig; name = "Pods-LegacySmoke.release.xcconfig"; path = "Target Support Files/Pods-LegacySmoke/Pods-LegacySmoke.release.xcconfig"; sourceTree = "<group>"; };
		C200000B000000000000000B /* Pods-BidscubeSDKAppLovinTestApp.debug.xcconfig */ = {isa = PBXFileReference; includeInIndex = 1; lastKnownFileType = text.xcconfig; name = "Pods-BidscubeSDKAppLovinTestApp.debug.xcconfig"; path = "Target Support Files/Pods-BidscubeSDKAppLovinTestApp/Pods-BidscubeSDKAppLovinTestApp.debug.xcconfig"; sourceTree = "<group>"; };
		C200000C000000000000000C /* Pods-BidscubeSDKAppLovinTestApp.release.xcconfig */ = {isa = PBXFileReference; includeInIndex = 1; lastKnownFileType = text.xcconfig; name = "Pods-BidscubeSDKAppLovinTestApp.release.xcconfig"; path = "Target Support Files/Pods-BidscubeSDKAppLovinTestApp/Pods-BidscubeSDKAppLovinTestApp.release.xcconfig"; sourceTree = "<group>"; };
		B10000020000000000000001 /* LegacyTestApp.swift */ = {isa = PBXFileReference; lastKnownFileType = sourcecode.swift; path = LegacyTestApp.swift; sourceTree = "<group>"; };
		B10000040000000000000001 /* TestAppConfiguration.swift */ = {isa = PBXFileReference; lastKnownFileType = sourcecode.swift; path = TestAppConfiguration.swift; sourceTree = "<group>"; };
		B10000060000000000000001 /* MAXAdCoordinator.swift */ = {isa = PBXFileReference; lastKnownFileType = sourcecode.swift; path = MAXAdCoordinator.swift; sourceTree = "<group>"; };
		B10000080000000000000001 /* MAXAdViews.swift */ = {isa = PBXFileReference; lastKnownFileType = sourcecode.swift; path = MAXAdViews.swift; sourceTree = "<group>"; };
		B100000A0000000000000001 /* LegacyMAXTestView.swift */ = {isa = PBXFileReference; lastKnownFileType = sourcecode.swift; path = LegacyMAXTestView.swift; sourceTree = "<group>"; };
		B100000C0000000000000001 /* LegacyDirectSDKCoordinator.swift */ = {isa = PBXFileReference; lastKnownFileType = sourcecode.swift; path = LegacyDirectSDKCoordinator.swift; sourceTree = "<group>"; };
		B100000E0000000000000001 /* BidscubeAdViews.swift */ = {isa = PBXFileReference; lastKnownFileType = sourcecode.swift; path = BidscubeAdViews.swift; sourceTree = "<group>"; };
		A10000030000000000000001 /* LegacySmoke.app */ = {isa = PBXFileReference; explicitFileType = wrapper.application; includeInIndex = 0; path = LegacySmoke.app; sourceTree = BUILT_PRODUCTS_DIR; };
		A10000040000000000000001 /* Info.plist */ = {isa = PBXFileReference; lastKnownFileType = text.plist.xml; path = Info.plist; sourceTree = "<group>"; };
		C20000010000000000000001 /* AppDelegate.swift */ = {isa = PBXFileReference; lastKnownFileType = sourcecode.swift; name = AppDelegate.swift; path = AppDelegate.swift; sourceTree = "<group>"; };
		C20000020000000000000002 /* SceneDelegate.swift */ = {isa = PBXFileReference; lastKnownFileType = sourcecode.swift; name = SceneDelegate.swift; path = SceneDelegate.swift; sourceTree = "<group>"; };
		C20000030000000000000003 /* MainTabBarController.swift */ = {isa = PBXFileReference; lastKnownFileType = sourcecode.swift; name = MainTabBarController.swift; path = MainTabBarController.swift; sourceTree = "<group>"; };
		C20000040000000000000004 /* SdkAdTestViewController.swift */ = {isa = PBXFileReference; lastKnownFileType = sourcecode.swift; name = SdkAdTestViewController.swift; path = SdkAdTestViewController.swift; sourceTree = "<group>"; };
		C20000050000000000000005 /* TestAdDelegate.swift */ = {isa = PBXFileReference; lastKnownFileType = sourcecode.swift; name = TestAdDelegate.swift; path = TestAdDelegate.swift; sourceTree = "<group>"; };
		C20000060000000000000006 /* MaxTestViewController.swift */ = {isa = PBXFileReference; lastKnownFileType = sourcecode.swift; name = MaxTestViewController.swift; path = MaxTestViewController.swift; sourceTree = "<group>"; };
		C20000070000000000000007 /* TestLog.swift */ = {isa = PBXFileReference; lastKnownFileType = sourcecode.swift; name = TestLog.swift; path = TestLog.swift; sourceTree = "<group>"; };
		C20000080000000000000008 /* TestConfig.swift */ = {isa = PBXFileReference; lastKnownFileType = sourcecode.swift; name = TestConfig.swift; path = TestConfig.swift; sourceTree = "<group>"; };
		C20000090000000000000009 /* Assets.xcassets */ = {isa = PBXFileReference; lastKnownFileType = folder.assetcatalog; name = Assets.xcassets; path = Assets.xcassets; sourceTree = "<group>"; };
		C200000D000000000000000D /* Info.plist */ = {isa = PBXFileReference; lastKnownFileType = text.plist.xml; path = Info.plist; sourceTree = "<group>"; };
		C200000A000000000000000A /* Pods_BidscubeSDKAppLovinTestApp.framework */ = {isa = PBXFileReference; explicitFileType = wrapper.framework; includeInIndex = 0; path = Pods_BidscubeSDKAppLovinTestApp.framework; sourceTree = BUILT_PRODUCTS_DIR; };
		C30000010000000000000001 /* BidscubeSDKAppLovinTestApp.app */ = {isa = PBXFileReference; explicitFileType = wrapper.application; includeInIndex = 0; path = BidscubeSDKAppLovinTestApp.app; sourceTree = BUILT_PRODUCTS_DIR; };
		F6554AA9EFE7899B473DF956 /* Pods_LegacySmoke.framework */ = {isa = PBXFileReference; explicitFileType = wrapper.framework; includeInIndex = 0; path = Pods_LegacySmoke.framework; sourceTree = BUILT_PRODUCTS_DIR; };
/* End PBXFileReference section */

/* Begin PBXFrameworksBuildPhase section */
		A10000050000000000000001 /* Frameworks */ = {
			isa = PBXFrameworksBuildPhase;
			buildActionMask = 2147483647;
			files = (
				A2DB2F732F44DA3483F01A70 /* Pods_LegacySmoke.framework in Frameworks */,
			);
			runOnlyForDeploymentPostprocessing = 0;
		};
		C40000010000000000000001 /* Frameworks */ = {
			isa = PBXFrameworksBuildPhase;
			buildActionMask = 2147483647;
			files = (
				C100000A000000000000000A /* Pods_BidscubeSDKAppLovinTestApp.framework in Frameworks */,
			);
			runOnlyForDeploymentPostprocessing = 0;
		};
/* End PBXFrameworksBuildPhase section */

/* Begin PBXGroup section */
		A10000060000000000000001 = {
			isa = PBXGroup;
			children = (
				A10000070000000000000001 /* LegacySmoke */,
				C50000010000000000000001 /* ModernTestApp */,
				A10000080000000000000001 /* Products */,
				FDD0E2DA2F29B5E2A81ED30B /* Pods */,
				F377CEA230C808DD79D0FE0D /* Frameworks */,
			);
			sourceTree = "<group>";
		};
		A10000070000000000000001 /* LegacySmoke */ = {
			isa = PBXGroup;
			children = (
				B10000020000000000000001 /* LegacyTestApp.swift */,
				B100000A0000000000000001 /* LegacyMAXTestView.swift */,
				B100000C0000000000000001 /* LegacyDirectSDKCoordinator.swift */,
				B100000E0000000000000001 /* BidscubeAdViews.swift */,
				B10000040000000000000001 /* TestAppConfiguration.swift */,
				B10000060000000000000001 /* MAXAdCoordinator.swift */,
				B10000080000000000000001 /* MAXAdViews.swift */,
				A10000040000000000000001 /* Info.plist */,
			);
			path = LegacySmoke;
			sourceTree = "<group>";
		};
		A10000080000000000000001 /* Products */ = {
			isa = PBXGroup;
			children = (
				A10000030000000000000001 /* LegacySmoke.app */,
				C30000010000000000000001 /* BidscubeSDKAppLovinTestApp.app */,
			);
			name = Products;
			sourceTree = "<group>";
		};
		C50000010000000000000001 /* ModernTestApp */ = {
			isa = PBXGroup;
			children = (
				C20000010000000000000001 /* AppDelegate.swift */,
				C20000020000000000000002 /* SceneDelegate.swift */,
				C20000030000000000000003 /* MainTabBarController.swift */,
				C20000040000000000000004 /* SdkAdTestViewController.swift */,
				C20000050000000000000005 /* TestAdDelegate.swift */,
				C20000060000000000000006 /* MaxTestViewController.swift */,
				C20000070000000000000007 /* TestLog.swift */,
				C20000080000000000000008 /* TestConfig.swift */,
				C20000090000000000000009 /* Assets.xcassets */,
				C200000D000000000000000D /* Info.plist */,
			);
			path = ModernTestApp;
			sourceTree = "<group>";
		};
		F377CEA230C808DD79D0FE0D /* Frameworks */ = {
			isa = PBXGroup;
			children = (
				F6554AA9EFE7899B473DF956 /* Pods_LegacySmoke.framework */,
				C200000A000000000000000A /* Pods_BidscubeSDKAppLovinTestApp.framework */,
			);
			name = Frameworks;
			sourceTree = "<group>";
		};
		FDD0E2DA2F29B5E2A81ED30B /* Pods */ = {
			isa = PBXGroup;
			children = (
				27EAD33F481A6A6118D349E6 /* Pods-LegacySmoke.debug.xcconfig */,
				87AB9AD5D9ED4F6036728C4E /* Pods-LegacySmoke.release.xcconfig */,
				C200000B000000000000000B /* Pods-BidscubeSDKAppLovinTestApp.debug.xcconfig */,
				C200000C000000000000000C /* Pods-BidscubeSDKAppLovinTestApp.release.xcconfig */,
			);
			name = Pods;
			path = Pods;
			sourceTree = "<group>";
		};
/* End PBXGroup section */

/* Begin PBXNativeTarget section */
		A10000090000000000000001 /* LegacySmoke */ = {
			isa = PBXNativeTarget;
			buildConfigurationList = A100000A0000000000000001 /* Build configuration list for PBXNativeTarget "LegacySmoke" */;
			buildPhases = (
				3EC04BF71D33ABC79A096A81 /* [CP] Check Pods Manifest.lock */,
				A100000B0000000000000001 /* Sources */,
				A10000050000000000000001 /* Frameworks */,
				A100000C0000000000000001 /* Resources */,
				9356E1B64072CB77337374D5 /* [CP] Embed Pods Frameworks */,
			);
			buildRules = (
			);
			dependencies = (
			);
			name = LegacySmoke;
			productName = LegacySmoke;
			productReference = A10000030000000000000001 /* LegacySmoke.app */;
			productType = "com.apple.product-type.application";
		};
		C60000010000000000000001 /* BidscubeSDKAppLovinTestApp */ = {
			isa = PBXNativeTarget;
			buildConfigurationList = C80000030000000000000003 /* Build configuration list for PBXNativeTarget "BidscubeSDKAppLovinTestApp" */;
			buildPhases = (
				C70000040000000000000004 /* [CP] Check Pods Manifest.lock */,
				C70000010000000000000001 /* Sources */,
				C40000010000000000000001 /* Frameworks */,
				C70000020000000000000002 /* Resources */,
				C70000030000000000000003 /* [CP] Embed Pods Frameworks */,
			);
			buildRules = (
			);
			dependencies = (
			);
			name = BidscubeSDKAppLovinTestApp;
			productName = BidscubeSDKAppLovinTestApp;
			productReference = C30000010000000000000001 /* BidscubeSDKAppLovinTestApp.app */;
			productType = "com.apple.product-type.application";
		};
/* End PBXNativeTarget section */

/* Begin PBXProject section */
		A100000D0000000000000001 /* Project object */ = {
			isa = PBXProject;
			attributes = {
				BuildIndependentTargetsInParallel = 1;
				LastSwiftUpdateCheck = 1500;
				LastUpgradeCheck = 1500;
			};
			buildConfigurationList = A100000E0000000000000001 /* Build configuration list for PBXProject "LegacySmoke" */;
			compatibilityVersion = "Xcode 14.0";
			developmentRegion = en;
			hasScannedForEncodings = 0;
			knownRegions = (
				en,
				Base,
			);
			mainGroup = A10000060000000000000001;
			productRefGroup = A10000080000000000000001 /* Products */;
			projectDirPath = "";
			projectRoot = "";
			targets = (
				A10000090000000000000001 /* LegacySmoke */,
				C60000010000000000000001 /* BidscubeSDKAppLovinTestApp */,
			);
		};
/* End PBXProject section */

/* Begin PBXResourcesBuildPhase section */
		A100000C0000000000000001 /* Resources */ = {
			isa = PBXResourcesBuildPhase;
			buildActionMask = 2147483647;
			files = (
			);
			runOnlyForDeploymentPostprocessing = 0;
		};
		C70000020000000000000002 /* Resources */ = {
			isa = PBXResourcesBuildPhase;
			buildActionMask = 2147483647;
			files = (
				C10000090000000000000009 /* Assets.xcassets in Resources */,
			);
			runOnlyForDeploymentPostprocessing = 0;
		};
/* End PBXResourcesBuildPhase section */

/* Begin PBXShellScriptBuildPhase section */
		3EC04BF71D33ABC79A096A81 /* [CP] Check Pods Manifest.lock */ = {
			isa = PBXShellScriptBuildPhase;
			buildActionMask = 2147483647;
			files = (
			);
			inputFileListPaths = (
			);
			inputPaths = (
				"${PODS_PODFILE_DIR_PATH}/Podfile.lock",
				"${PODS_ROOT}/Manifest.lock",
			);
			name = "[CP] Check Pods Manifest.lock";
			outputFileListPaths = (
			);
			outputPaths = (
				"$(DERIVED_FILE_DIR)/Pods-LegacySmoke-checkManifestLockResult.txt",
			);
			runOnlyForDeploymentPostprocessing = 0;
			shellPath = /bin/sh;
			shellScript = "diff \"${PODS_PODFILE_DIR_PATH}/Podfile.lock\" \"${PODS_ROOT}/Manifest.lock\" > /dev/null\nif [ $? != 0 ] ; then\n    # print error to STDERR\n    echo \"error: The sandbox is not in sync with the Podfile.lock. Run 'pod install' or update your CocoaPods installation.\" >&2\n    exit 1\nfi\n# This output is used by Xcode 'outputs' to avoid re-running this script phase.\necho \"SUCCESS\" > \"${SCRIPT_OUTPUT_FILE_0}\"\n";
			showEnvVarsInLog = 0;
		};
		9356E1B64072CB77337374D5 /* [CP] Embed Pods Frameworks */ = {
			isa = PBXShellScriptBuildPhase;
			buildActionMask = 2147483647;
			files = (
			);
			inputFileListPaths = (
				"${PODS_ROOT}/Target Support Files/Pods-LegacySmoke/Pods-LegacySmoke-frameworks-${CONFIGURATION}-input-files.xcfilelist",
			);
			name = "[CP] Embed Pods Frameworks";
			outputFileListPaths = (
				"${PODS_ROOT}/Target Support Files/Pods-LegacySmoke/Pods-LegacySmoke-frameworks-${CONFIGURATION}-output-files.xcfilelist",
			);
			runOnlyForDeploymentPostprocessing = 0;
			shellPath = /bin/sh;
			shellScript = "\"${PODS_ROOT}/Target Support Files/Pods-LegacySmoke/Pods-LegacySmoke-frameworks.sh\"\n";
			showEnvVarsInLog = 0;
		};
		C70000030000000000000003 /* [CP] Embed Pods Frameworks */ = {
			isa = PBXShellScriptBuildPhase;
			buildActionMask = 2147483647;
			files = (
			);
			inputFileListPaths = (
				"${PODS_ROOT}/Target Support Files/Pods-BidscubeSDKAppLovinTestApp/Pods-BidscubeSDKAppLovinTestApp-frameworks-${CONFIGURATION}-input-files.xcfilelist",
			);
			name = "[CP] Embed Pods Frameworks";
			outputFileListPaths = (
				"${PODS_ROOT}/Target Support Files/Pods-BidscubeSDKAppLovinTestApp/Pods-BidscubeSDKAppLovinTestApp-frameworks-${CONFIGURATION}-output-files.xcfilelist",
			);
			runOnlyForDeploymentPostprocessing = 0;
			shellPath = /bin/sh;
			shellScript = "\"${PODS_ROOT}/Target Support Files/Pods-BidscubeSDKAppLovinTestApp/Pods-BidscubeSDKAppLovinTestApp-frameworks.sh\"\n";
			showEnvVarsInLog = 0;
		};
		C70000040000000000000004 /* [CP] Check Pods Manifest.lock */ = {
			isa = PBXShellScriptBuildPhase;
			buildActionMask = 2147483647;
			files = (
			);
			inputFileListPaths = (
			);
			inputPaths = (
				"${PODS_PODFILE_DIR_PATH}/Podfile.lock",
				"${PODS_ROOT}/Manifest.lock",
			);
			name = "[CP] Check Pods Manifest.lock";
			outputFileListPaths = (
			);
			outputPaths = (
				"$(DERIVED_FILE_DIR)/Pods-BidscubeSDKAppLovinTestApp-checkManifestLockResult.txt",
			);
			runOnlyForDeploymentPostprocessing = 0;
			shellPath = /bin/sh;
			shellScript = "diff \"${PODS_PODFILE_DIR_PATH}/Podfile.lock\" \"${PODS_ROOT}/Manifest.lock\" > /dev/null\nif [ $? != 0 ] ; then\n    # print error to STDERR\n    echo \"error: The sandbox is not in sync with the Podfile.lock. Run 'pod install' or update your CocoaPods installation.\" >&2\n    exit 1\nfi\n# This output is used by Xcode 'outputs' to avoid re-running this script phase.\necho \"SUCCESS\" > \"${SCRIPT_OUTPUT_FILE_0}\"\n";
			showEnvVarsInLog = 0;
		};
/* End PBXShellScriptBuildPhase section */

/* Begin PBXSourcesBuildPhase section */
		A100000B0000000000000001 /* Sources */ = {
			isa = PBXSourcesBuildPhase;
			buildActionMask = 2147483647;
			files = (
				B10000010000000000000001 /* LegacyTestApp.swift in Sources */,
				B10000090000000000000001 /* LegacyMAXTestView.swift in Sources */,
				B100000B0000000000000001 /* LegacyDirectSDKCoordinator.swift in Sources */,
				B100000D0000000000000001 /* BidscubeAdViews.swift in Sources */,
				B10000030000000000000001 /* TestAppConfiguration.swift in Sources */,
				B10000050000000000000001 /* MAXAdCoordinator.swift in Sources */,
				B10000070000000000000001 /* MAXAdViews.swift in Sources */,
			);
			runOnlyForDeploymentPostprocessing = 0;
		};
		C70000010000000000000001 /* Sources */ = {
			isa = PBXSourcesBuildPhase;
			buildActionMask = 2147483647;
			files = (
				C10000010000000000000001 /* AppDelegate.swift in Sources */,
				C10000020000000000000002 /* SceneDelegate.swift in Sources */,
				C10000030000000000000003 /* MainTabBarController.swift in Sources */,
				C10000040000000000000004 /* SdkAdTestViewController.swift in Sources */,
				C10000050000000000000005 /* TestAdDelegate.swift in Sources */,
				C10000060000000000000006 /* MaxTestViewController.swift in Sources */,
				C10000070000000000000007 /* TestLog.swift in Sources */,
				C10000080000000000000008 /* TestConfig.swift in Sources */,
			);
			runOnlyForDeploymentPostprocessing = 0;
		};
/* End PBXSourcesBuildPhase section */

/* Begin XCBuildConfiguration section */
		A100000F0000000000000001 /* Debug */ = {
			isa = XCBuildConfiguration;
			buildSettings = {
				ALWAYS_SEARCH_USER_PATHS = NO;
				CLANG_ENABLE_MODULES = YES;
				IPHONEOS_DEPLOYMENT_TARGET = 14.0;
				SDKROOT = iphoneos;
				SWIFT_VERSION = 5.0;
			};
			name = Debug;
		};
		A10000100000000000000001 /* Release */ = {
			isa = XCBuildConfiguration;
			buildSettings = {
				ALWAYS_SEARCH_USER_PATHS = NO;
				CLANG_ENABLE_MODULES = YES;
				IPHONEOS_DEPLOYMENT_TARGET = 14.0;
				SDKROOT = iphoneos;
				SWIFT_VERSION = 5.0;
			};
			name = Release;
		};
		A10000110000000000000001 /* Debug */ = {
			isa = XCBuildConfiguration;
			baseConfigurationReference = 27EAD33F481A6A6118D349E6 /* Pods-LegacySmoke.debug.xcconfig */;
			buildSettings = {
				CODE_SIGN_STYLE = Automatic;
				CURRENT_PROJECT_VERSION = 1;
				GENERATE_INFOPLIST_FILE = NO;
				INFOPLIST_FILE = LegacySmoke/Info.plist;
				LD_RUNPATH_SEARCH_PATHS = (
					"$(inherited)",
					"@executable_path/Frameworks",
				);
				MARKETING_VERSION = 1.0;
				PRODUCT_BUNDLE_IDENTIFIER = com.bidscube.legacysmoke;
				PRODUCT_NAME = "$(TARGET_NAME)";
				SWIFT_VERSION = 5.0;
				TARGETED_DEVICE_FAMILY = "1,2";
			};
			name = Debug;
		};
		A10000120000000000000001 /* Release */ = {
			isa = XCBuildConfiguration;
			baseConfigurationReference = 87AB9AD5D9ED4F6036728C4E /* Pods-LegacySmoke.release.xcconfig */;
			buildSettings = {
				CODE_SIGN_STYLE = Automatic;
				CURRENT_PROJECT_VERSION = 1;
				GENERATE_INFOPLIST_FILE = NO;
				INFOPLIST_FILE = LegacySmoke/Info.plist;
				LD_RUNPATH_SEARCH_PATHS = (
					"$(inherited)",
					"@executable_path/Frameworks",
				);
				MARKETING_VERSION = 1.0;
				PRODUCT_BUNDLE_IDENTIFIER = com.bidscube.legacysmoke;
				PRODUCT_NAME = "$(TARGET_NAME)";
				SWIFT_VERSION = 5.0;
				TARGETED_DEVICE_FAMILY = "1,2";
			};
			name = Release;
		};
		C80000040000000000000004 /* Debug */ = {
			isa = XCBuildConfiguration;
			baseConfigurationReference = C200000B000000000000000B /* Pods-BidscubeSDKAppLovinTestApp.debug.xcconfig */;
			buildSettings = {
				CODE_SIGN_STYLE = Automatic;
				CURRENT_PROJECT_VERSION = 1;
				GENERATE_INFOPLIST_FILE = NO;
				INFOPLIST_FILE = ModernTestApp/Info.plist;
				IPHONEOS_DEPLOYMENT_TARGET = 15.0;
				LD_RUNPATH_SEARCH_PATHS = (
					"$(inherited)",
					"@executable_path/Frameworks",
				);
				MARKETING_VERSION = 1.0;
				PRODUCT_BUNDLE_IDENTIFIER = com.bidscube.sdktestapp;
				PRODUCT_NAME = "$(TARGET_NAME)";
				SWIFT_VERSION = 5.0;
				TARGETED_DEVICE_FAMILY = "1,2";
			};
			name = Debug;
		};
		C80000050000000000000005 /* Release */ = {
			isa = XCBuildConfiguration;
			baseConfigurationReference = C200000C000000000000000C /* Pods-BidscubeSDKAppLovinTestApp.release.xcconfig */;
			buildSettings = {
				CODE_SIGN_STYLE = Automatic;
				CURRENT_PROJECT_VERSION = 1;
				GENERATE_INFOPLIST_FILE = NO;
				INFOPLIST_FILE = ModernTestApp/Info.plist;
				IPHONEOS_DEPLOYMENT_TARGET = 15.0;
				LD_RUNPATH_SEARCH_PATHS = (
					"$(inherited)",
					"@executable_path/Frameworks",
				);
				MARKETING_VERSION = 1.0;
				PRODUCT_BUNDLE_IDENTIFIER = com.bidscube.sdktestapp;
				PRODUCT_NAME = "$(TARGET_NAME)";
				SWIFT_VERSION = 5.0;
				TARGETED_DEVICE_FAMILY = "1,2";
			};
			name = Release;
		};
/* End XCBuildConfiguration section */

/* Begin XCConfigurationList section */
		A100000A0000000000000001 /* Build configuration list for PBXNativeTarget "LegacySmoke" */ = {
			isa = XCConfigurationList;
			buildConfigurations = (
				A10000110000000000000001 /* Debug */,
				A10000120000000000000001 /* Release */,
			);
			defaultConfigurationIsVisible = 0;
			defaultConfigurationName = Release;
		};
		C80000030000000000000003 /* Build configuration list for PBXNativeTarget "BidscubeSDKAppLovinTestApp" */ = {
			isa = XCConfigurationList;
			buildConfigurations = (
				C80000040000000000000004 /* Debug */,
				C80000050000000000000005 /* Release */,
			);
			defaultConfigurationIsVisible = 0;
			defaultConfigurationName = Release;
		};
		A100000E0000000000000001 /* Build configuration list for PBXProject "LegacySmoke" */ = {
			isa = XCConfigurationList;
			buildConfigurations = (
				A100000F0000000000000001 /* Debug */,
				A10000100000000000000001 /* Release */,
			);
			defaultConfigurationIsVisible = 0;
			defaultConfigurationName = Release;
		};
/* End XCConfigurationList section */
	};
	rootObject = A100000D0000000000000001 /* Project object */;
}
