PODS:
  - AppLovinSDK (13.6.2)
  - BidscubeSDKAppLovin (1.0.4):
    - AppLovinSDK (< 14.0, >= 13.0.0)
    - GoogleAds-IMA-iOS-SDK (~> 3.19)
  - GoogleAds-IMA-iOS-SDK (3.27.4)

DEPENDENCIES:
  - AppLovinSDK (< 14.0, >= 13.0.0)
  - BidscubeSDKAppLovin (from `BidscubeSDKAppLovin.podspec`)

SPEC REPOS:
  trunk:
    - AppLovinSDK
    - GoogleAds-IMA-iOS-SDK

EXTERNAL SOURCES:
  BidscubeSDKAppLovin:
    :podspec: BidscubeSDKAppLovin.podspec

SPEC CHECKSUMS:
  AppLovinSDK: 91a47db42b6c0e2b83224006aa46b0b88c62c16f
  BidscubeSDKAppLovin: b39b14cd9720a63283327fadbf39ebd08e36f6d9
  GoogleAds-IMA-iOS-SDK: 1c696013d47bc3cafa48b7de9c8196941bd3105b

PODFILE CHECKSUM: ebb88e5252280db4694cf60af93b03607f3ca23f

COCOAPODS: 1.16.2
