PODS:
  - AppLovinSDK (13.6.2)
  - GoogleAds-IMA-iOS-SDK (3.27.4)

DEPENDENCIES:
  - AppLovinSDK (< 14.0, >= 13.0.0)
  - GoogleAds-IMA-iOS-SDK (~> 3.19)

SPEC REPOS:
  trunk:
    - AppLovinSDK
    - GoogleAds-IMA-iOS-SDK

SPEC CHECKSUMS:
  AppLovinSDK: 91a47db42b6c0e2b83224006aa46b0b88c62c16f
  GoogleAds-IMA-iOS-SDK: 1c696013d47bc3cafa48b7de9c8196941bd3105b

PODFILE CHECKSUM: 79e7819d407c3e49837e350deaf8b70b30e784ba

COCOAPODS: 1.16.2
